PODS:
  - BigInt (5.2.0)
  - curvelib.swift (2.0.0)
  - Flutter (1.0.0)
  - flutter_inappwebview_ios (0.0.1):
    - Flutter
    - flutter_inappwebview_ios/Core (= 0.0.1)
    - OrderedSet (~> 6.0.3)
  - flutter_inappwebview_ios/Core (0.0.1):
    - Flutter
    - OrderedSet (~> 6.0.3)
  - flutter_keyboard_visibility (0.0.1):
    - Flutter
  - flutter_local_notifications (0.0.1):
    - Flutter
  - KeychainSwift (20.0.0)
  - local_auth_ios (0.0.1):
    - Flutter
  - nfc_manager (0.0.1):
    - Flutter
  - OrderedSet (6.0.3)
  - TorusSessionManager (6.0.2):
    - curvelib.swift (~> 2.0.0)
    - KeychainSwift (~> 20.0.0)
  - Web3Auth (11.1.0):
    - BigInt (~> 5.2.0)
    - curvelib.swift (~> 2.0.0)
    - KeychainSwift (~> 20.0.0)
    - TorusSessionManager (~> 6.0.2)
  - web3auth_flutter (2.0.1):
    - Flutter
    - Web3Auth (~> 11.1.0)

DEPENDENCIES:
  - Flutter (from `Flutter`)
  - flutter_inappwebview_ios (from `.symlinks/plugins/flutter_inappwebview_ios/ios`)
  - flutter_keyboard_visibility (from `.symlinks/plugins/flutter_keyboard_visibility/ios`)
  - flutter_local_notifications (from `.symlinks/plugins/flutter_local_notifications/ios`)
  - local_auth_ios (from `.symlinks/plugins/local_auth_ios/ios`)
  - nfc_manager (from `.symlinks/plugins/nfc_manager/ios`)
  - web3auth_flutter (from `.symlinks/plugins/web3auth_flutter/ios`)

SPEC REPOS:
  trunk:
    - BigInt
    - curvelib.swift
    - KeychainSwift
    - OrderedSet
    - TorusSessionManager
    - Web3Auth

EXTERNAL SOURCES:
  Flutter:
    :path: Flutter
  flutter_inappwebview_ios:
    :path: ".symlinks/plugins/flutter_inappwebview_ios/ios"
  flutter_keyboard_visibility:
    :path: ".symlinks/plugins/flutter_keyboard_visibility/ios"
  flutter_local_notifications:
    :path: ".symlinks/plugins/flutter_local_notifications/ios"
  local_auth_ios:
    :path: ".symlinks/plugins/local_auth_ios/ios"
  nfc_manager:
    :path: ".symlinks/plugins/nfc_manager/ios"
  web3auth_flutter:
    :path: ".symlinks/plugins/web3auth_flutter/ios"

SPEC CHECKSUMS:
  BigInt: f668a80089607f521586bbe29513d708491ef2f7
  curvelib.swift: b9223e5cac801effed8a5fe8968e952b3fe427a5
  Flutter: 71a624a5bc0c04062bf19101d501e466baf2fb47
  flutter_inappwebview_ios: b89ba3482b96fb25e00c967aae065701b66e9b99
  flutter_keyboard_visibility: 4625131e43015dbbe759d9b20daaf77e0e3f6619
  flutter_local_notifications: ad39620c743ea4c15127860f4b5641649a988100
  KeychainSwift: 0ce6a4d13f7228054d1a71bb1b500448fb2ab837
  local_auth_ios: f7a1841beef3151d140a967c2e46f30637cdf451
  nfc_manager: 9c40fe22528ab871ca11e52ea8b95790e9d92ca2
  OrderedSet: e539b66b644ff081c73a262d24ad552a69be3a94
  TorusSessionManager: 3c47c2a4c4d6173a10006eb0af4b86317ee45ff8
  Web3Auth: fa82260fa6dacdcf647b333d85a923530d045051
  web3auth_flutter: ecf03bfbcb9ebf1ed8edb24642b5dac6d6b6a980

PODFILE CHECKSUM: bbbe80e9225eb6289446cf0be396ae91d172933d

COCOAPODS: 1.16.2
